github.com/Masterminds/semver v1.3.0 h1:7H8mLwaeisxNSFxW39uQ9UHGv7HOevcDtjFjgbPDE/4=
github.com/Masterminds/semver v1.3.0/go.mod h1:MB6lktGJrhw8PrUyiEoblNEGEQ+RzHPF078ddwwvV3Y=
github.com/Masterminds/sprig v0.0.0-20170502220117-f5b0ed4a680a h1:Ay3x9TxEqCkZzHS8n1Y0uB4ertlF9LepVt1w6nFIGE4=
github.com/Masterminds/sprig v0.0.0-20170502220117-f5b0ed4a680a/go.mod h1:y6hNFY5UBTIWBxnzTeuNhlNS5hqE0NB0E6fgfo2Br3o=
github.com/NYTimes/gziphandler v0.0.0-20170104155701-6710af535839 h1:8pTAlrxf5XHylXJ0n3iSEeUwMr/JVfI3QuPYeqCtAxI=
github.com/NYTimes/gziphandler v0.0.0-20170104155701-6710af535839/go.mod h1:3wb06e3pkSAbeQ52E9H9iFoQsEEwGN64994WTCIhntQ=
github.com/alcortesm/tgz v0.0.0-20161220082320-9c5fe88206d7 h1:uSoVVbwJiQipAclBbw+8quDsfcvFjOpI5iCf4p/cqCs=
github.com/alcortesm/tgz v0.0.0-20161220082320-9c5fe88206d7/go.mod h1:6zEj6s6u/ghQa61ZWa/C2Aw3RkjiTBOix7dkqa1VLIs=
github.com/aokoli/goutils v0.0.0-20170502144750-e57d01ace047 h1:Bn0iqJ/349f606hR0juIGyheAI6+hyg9XUOLhN9udLo=
github.com/aokoli/goutils v0.0.0-20170502144750-e57d01ace047/go.mod h1:SijmP0QR8LtwsmDs8Yii5Z/S4trXFGFC2oO5g9DP+DQ=
github.com/boltdb/bolt v1.2.1-0.20160407143438-144418e1475d h1:pAaAOjKWkK3eptdoS3DGwab/8sW+23DafhlVbaaFvM0=
github.com/boltdb/bolt v1.2.1-0.20160407143438-144418e1475d/go.mod h1:clJnj/oiGkjum5o1McbSZDSLxVThjynRyGBgiAx27Ps=
github.com/codegangsta/negroni v1.0.0 h1:+aYywywx4bnKXWvoWtRfJ91vC59NbEhEY03sZjQhbVY=
github.com/codegangsta/negroni v1.0.0/go.mod h1:v0y3T5G7Y1UlFfyxFn/QLRU4a2EuNau2iZY63YTKWo0=
github.com/creack/pty v1.1.7/go.mod h1:lj5s0c3V2DBrqTV7llrYr5NG6My20zk30Fl46Y7DoTY=
github.com/davecgh/go-spew v1.1.0 h1:ZDRjVQ15GmhC3fiQ8ni8+OwkZQO4DARzQgrnXU1Liz8=
github.com/davecgh/go-spew v1.1.0/go.mod h1:J7Y8YcW2NihsgmVo/mv3lAwl/skON4iLHjSsI+c5H38=
github.com/disintegration/imaging v1.4.2-0.20180430005223-bbec8e448443 h1:UbqyQvjkvkJmeoKI/E6MoJRWrbygPhDjw8soBVGqFj0=
github.com/disintegration/imaging v1.4.2-0.20180430005223-bbec8e448443/go.mod h1:9B/deIUIrliYkyMTuXJd6OUFLcrZ2tf+3Qlwnaf/CjU=
github.com/go-errors/errors v0.0.0-20161205223245-8fa88b06e597 h1:8x4MZbuaWpZUOikHMewktXBNkHpjGUMoLr7C58QQ1EM=
github.com/go-errors/errors v0.0.0-20161205223245-8fa88b06e597/go.mod h1:f4zRHt4oKfwPJE5k8C9vpYG+aDHdBFUsgrm6/TyX73Q=
github.com/golang/protobuf v0.0.0-20170331031902-2bba0603135d h1:KmiEmEGA5sqizMpKnexwioxj8zEUSBc7p9UTQu36lpQ=
github.com/golang/protobuf v0.0.0-20170331031902-2bba0603135d/go.mod h1:6lQm79b+lXiMfvg/cZm0SGofjICqVBUtrP5yJMmIC1U=
github.com/gorilla/schema v0.0.0-20170113082130-dfd60678a603 h1:+c/VVrXFpgRoNgL0QXLiUHlZqofPKCeAA/8g7KYvstg=
github.com/gorilla/schema v0.0.0-20170113082130-dfd60678a603/go.mod h1:kgLaKoK1FELgZqMAVxx/5cbj0kT+57qxUrAlIO2eleU=
github.com/gregjones/httpcache v0.0.0-20180305231024-9cad4c3443a7 h1:pdN6V1QBWetyv/0+wjACpqVH+eVULgEjkurDLq3goeM=
github.com/gregjones/httpcache v0.0.0-20180305231024-9cad4c3443a7/go.mod h1:FecbI9+v66THATjSRHfNgh1IVFe/9kFxbXtjV0ctIMA=
github.com/howeyc/gopass v0.0.0-20161003130900-f5387c492211 h1:IDxI/EaCdmlyCtkiwK0hqqN4Wp+QAP5nFZGAj7w7nWY=
github.com/howeyc/gopass v0.0.0-20161003130900-f5387c492211/go.mod h1:lADxMC39cJJqL93Duh1xhAs4I2Zs8mKS89XWXFGp9cs=
github.com/huandu/xstrings v0.0.0-20151130125119-3959339b3335 h1:KZOP9q7J/P4eMBibPuVwuloXgd2dTbLAHRPqxw7NXOw=
github.com/huandu/xstrings v0.0.0-20151130125119-3959339b3335/go.mod h1:4qWG/gcEcfX4z/mBDHJ++3ReCw9ibxbsNJbcucJdbSo=
github.com/imdario/mergo v0.0.0-20170326204527-d806ba8c2177 h1:4MrUeIgSYFNSUbspul6pB1zKwjdE1DSKH7iaRS5Iy7I=
github.com/imdario/mergo v0.0.0-20170326204527-d806ba8c2177/go.mod h1:2EnlNZ0deacrJVfApfmtdGgDfMuh/nq6Ok1EcJh5FfA=
github.com/julienschmidt/httprouter v1.1.1-0.20160106083525-21439ef4d70b h1:6EcEJjJFi4zs+AOxWAXbPIY9N3XluTrOfXI7VoA0z3c=
github.com/julienschmidt/httprouter v1.1.1-0.20160106083525-21439ef4d70b/go.mod h1:SYymIcj16QtmaHHD7aYtjjsJG7VTCxuUUipMqKk8s4w=
github.com/kr/pretty v0.1.0/go.mod h1:dAy3ld7l9f0ibDNOQOHHMYYIIbhfbHSm3C4ZsoJORNo=
github.com/kr/pretty v0.2.1 h1:Fmg33tUaq4/8ym9TJN1x7sLJnHVwhP33CNkpYV/7rwI=
github.com/kr/pretty v0.2.1/go.mod h1:ipq/a2n7PKx3OHsz4KJII5eveXtPO4qwEXGdVfWzfnI=
github.com/kr/pty v1.1.1/go.mod h1:pFQYn66WHrOpPYNljwOMqo10TkYh1fy3cYio2l3bCsQ=
github.com/kr/pty v1.1.8/go.mod h1:O1sed60cT9XZ5uDucP5qwvh+TE3NnUj51EiZO/lmSfw=
github.com/kr/text v0.1.0 h1:45sCR5RtlFHMR4UwH9sdQ5TC8v0qDQCHnXt+kaKSTVE=
github.com/kr/text v0.1.0/go.mod h1:4Jbv+DJW3UT/LiOwJeYQe1efqtUx/iVham/4vfdArNI=
github.com/miekg/dns v0.0.0-20161227202154-00b8eaaab941 h1:Xvj+T0y8+sC/iZxFD0uxeHiF9EkJoZTOnFRqm+eVK7I=
github.com/miekg/dns v0.0.0-20161227202154-00b8eaaab941/go.mod h1:W1PPwlIAgtquWBMBEV9nkV9Cazfe8ScdGz/Lj7v3Nrg=
github.com/muesli/smartcrop v0.2.1-0.20180228075044-f6ebaa786a12 h1:+aIxWlovuLLrkOS82q1SiqleWGHeKXpOcALRFMb22sc=
github.com/muesli/smartcrop v0.2.1-0.20180228075044-f6ebaa786a12/go.mod h1:i2fCI/UorTfgEpPPLWiFBv4pye+YAG78RwcQLUkocpI=
github.com/nfnt/resize v0.0.0-20180221191011-83c6a9932646 h1:zYyBkD/k9seD2A7fsi6Oo2LfFZAehjjQMERAvZLEDnQ=
github.com/nfnt/resize v0.0.0-20180221191011-83c6a9932646/go.mod h1:jpp1/29i3P1S/RLdc7JQKbRpFeM1dOBd8T9ki5s+AY8=
github.com/octavore/naga v0.0.0-20170729055818-7f3072b01689 h1:WdYkPjMupiBic0O18IcDZsbk8VEmXd6EywB1Knp1E4g=
github.com/octavore/naga v0.0.0-20170729055818-7f3072b01689/go.mod h1:H+5A/IuxeEu6VMrg3t8IaTwZqOyQMUh0zdRmKXq2vDI=
github.com/octavore/nagax v0.0.0-20180606034301-3bde6fef1e39 h1:DPdWxydYwXknlHoKVOrlKlNMfbXBcSx11g2x4ABaFyI=
github.com/octavore/nagax v0.0.0-20180606034301-3bde6fef1e39/go.mod h1:n1WQwd+P2IHtdJKNcPxvLKTnYE5b4IR1WX0DSot+XSA=
github.com/octavore/pbts v0.0.0-20170313044341-6599909fb22f h1:dSvyq0NBIv5HAw56/49Mv6hWb6nOtlwtRauB9hM6ztY=
github.com/octavore/pbts v0.0.0-20170313044341-6599909fb22f/go.mod h1:IXqdRNgUVEYcsOlORsssvSUqqRMIa3cpIR6jWV/oufE=
github.com/pkg/errors v0.9.1 h1:FEBLx1zS214owpjy7qsBeixbURkuhQAwrK5UwLGTwt4=
github.com/pkg/errors v0.9.1/go.mod h1:bwawxfHBFNV+L2hUp1rHADufV3IMtnDRdf1r5NINEl0=
github.com/pmezard/go-difflib v1.0.0 h1:4DBwDE0NGyQoBHbLQYPwSUPoCMWR5BEzIk/f1lZbAQM=
github.com/pmezard/go-difflib v1.0.0/go.mod h1:iKH77koFhYxTK1pcRnkKkqfTogsbg7gZNVY4sRDYZ/4=
github.com/russross/blackfriday v0.0.0-20161003162722-5f33e7b78783 h1:1eSLYLjro0wlXBMziLBPhM5mBmMi1Fo4bB1N2ku+hO4=
github.com/russross/blackfriday v0.0.0-20161003162722-5f33e7b78783/go.mod h1:JO/DiYxRf+HjHt06OyowR9PTA263kcR/rfWxYHBV53g=
github.com/rwcarlsen/goexif v0.0.0-20141222211634-41dad3aa0833 h1:jwa1bSL1nx8Yz7pOXkjXJCbKAffj5i2Rrl9ALRqSy6Y=
github.com/rwcarlsen/goexif v0.0.0-20141222211634-41dad3aa0833/go.mod h1:hPqNNc0+uJM6H+SuU8sEs5K5IQeKccPqeSjfgcKGgPk=
github.com/satori/go.uuid v1.0.0 h1:6QDKTa2a+CpXmqIFypEOKZUreVG3iCcrb8vbCkHTDsY=
github.com/satori/go.uuid v1.0.0/go.mod h1:dA0hQrYB0VpLJoorglMZABFdXlWrHn1NEOzdhQKdks0=
github.com/sergi/go-diff v0.0.0-20161205080420-83532ca1c1ca h1:oR/RycYTFTVXzND5r4FdsvbnBn0HJXSVeNAnwaTXRwk=
github.com/sergi/go-diff v0.0.0-20161205080420-83532ca1c1ca/go.mod h1:0CfEIISq7TuYL3j771MWULgwwjU+GofnZX9QAmXWZgo=
github.com/shurcooL/sanitized_anchor_name v0.0.0-20160918041101-1dba4b3954bc h1:3wIrJvFb3Pf6B/2mDBnN1G5IfUVev4X5apadQlWOczE=
github.com/shurcooL/sanitized_anchor_name v0.0.0-20160918041101-1dba4b3954bc/go.mod h1:1NzhyTcUVG4SuEtjjoZeVRXNmyL/1OwPU0+IJeTBvfc=
github.com/square/go-jose v0.0.0-20150914212845-8ef55a93ee67 h1:y89dCq3SNiyAnkHk/IzUsdbDnR7efuikQxC4eKqyrfA=
github.com/square/go-jose v0.0.0-20150914212845-8ef55a93ee67/go.mod h1:7MxpAF/1WTVUu8Am+T5kNy+t0902CaLWM4Z745MkOa8=
github.com/src-d/gcfg v1.3.0 h1:2BEDr8r0I0b8h/fOqwtxCEiq2HJu8n2JGZJQFGXWLjg=
github.com/src-d/gcfg v1.3.0/go.mod h1:p/UMsR43ujA89BJY9duynAwIpvqEujIH/jFlfL7jWoI=
github.com/src-d/go-git-fixtures v3.5.0+incompatible h1:UajAcIr55moBwZvO0UY6WjV6QTYbNBtMZkz41O55QuY=
github.com/src-d/go-git-fixtures v3.5.0+incompatible/go.mod h1:XcIQp7L+k0pgfTqfbaTKj3kxlBv8kYOKZ/tKNXbZFLg=
github.com/stretchr/objx v0.1.2-0.20180426105006-a5cfa15c000a h1:uNI7QjWvsFOjvHKIZc/3RMLdyW8l/RpgSeKRBqko3ZE=
github.com/stretchr/objx v0.1.2-0.20180426105006-a5cfa15c000a/go.mod h1:HFkY916IF+rwdDfMAkV7OtwuqBVzrE8GR6GFx+wExME=
github.com/stretchr/testify v1.2.2-0.20180319223459-c679ae2cc0cb h1:nt7YdN09XZcT7sloqA3JXOxGaxxErL1UMzBKFUlcIxc=
github.com/stretchr/testify v1.2.2-0.20180319223459-c679ae2cc0cb/go.mod h1:a8OnRcib4nhh0OaRAV+Yts87kKdq0PP7pXfy6kDkUVs=
github.com/unrolled/secure v0.0.0-20170116161521-019273209f1c h1:3keUQ+xm2WAfMwrXlBbllv8f66HyAsnhnu6+g21QBt8=
github.com/unrolled/secure v0.0.0-20170116161521-019273209f1c/go.mod h1:mnPT77IAdsi/kV7+Es7y+pXALeV3h7G6dQF6mNYjcLA=
github.com/willnorris/imageproxy v0.7.0 h1:+3LWeJgDRUXEGaaSUqlBuSjXJEpgc+LvwYxwXKqZB+8=
github.com/willnorris/imageproxy v0.7.0/go.mod h1:AGh/Q1sNuI1UAia/4n/5anPkfAPGC3rrIHR5TPWBmy4=
github.com/xanzy/ssh-agent v0.1.0 h1:lOhdXLxtmYjaHc76ZtNmJWPg948y/RnT+3N3cvKWFzY=
github.com/xanzy/ssh-agent v0.1.0/go.mod h1:0NyE30eGUDliuLEHJgYte/zncp2zdTStcOnWhgSqHD8=
github.com/xenolf/lego v0.4.2-0.20180425151241-8e9c5ac3e6bf h1:sp7Mw0l8ncUB/txRrHkAIoum3Giv3sHcCrigiZWwM8Q=
github.com/xenolf/lego v0.4.2-0.20180425151241-8e9c5ac3e6bf/go.mod h1:fwiGnfsIjG7OHPfOvgK7Y/Qo6+2Ox0iozjNTkZICKbY=
golang.org/x/crypto v0.0.0-20170704135851-51714a8c4ac1 h1:HJSvIvK9iXhheeDr8hbIfZ0HWmqeVmv6cfxZV5Ot8AI=
golang.org/x/crypto v0.0.0-20170704135851-51714a8c4ac1/go.mod h1:6SG95UA2DQfeDnfUPMdvaQW0Q7yPrPDi9nlGo2tz2b4=
golang.org/x/image v0.0.0-20180403161127-f315e4403028 h1:jFFHllCVd24xe3zq5lxsTaMRYoTWSrdWOIA5PEltZ8I=
golang.org/x/image v0.0.0-20180403161127-f315e4403028/go.mod h1:ux5Hcp/YLpHSI86hEcLt0YII63i6oz57MZXIpbrjZUs=
golang.org/x/sync v0.2.0 h1:PUR+T4wwASmuSTYdKjYHI5TD22Wy5ogLU5qZCOLxBrI=
golang.org/x/sync v0.2.0/go.mod h1:RxMgew5VJxzue5/jJTE5uejpjVlOe/izrB70Jof72aM=
golang.org/x/sys v0.0.0-20190726091711-fc99dfbffb4e h1:D5TXcfTk7xF7hvieo4QErS3qqCB4teTffacDWr7CI+0=
golang.org/x/sys v0.0.0-20190726091711-fc99dfbffb4e/go.mod h1:h1NjWce9XRLGQEsW7wpKNCjG9DtNlClVuFLEZdDNbEs=
gopkg.in/check.v1 v0.0.0-20161208181325-20d25e280405/go.mod h1:Co6ibVJAznAaIkqp8huTwlJQCZ016jof/cbN4VW5Yz0=
gopkg.in/check.v1 v1.0.0-20180628173108-788fd7840127/go.mod h1:Co6ibVJAznAaIkqp8huTwlJQCZ016jof/cbN4VW5Yz0=
gopkg.in/check.v1 v1.0.0-20201130134442-10cb98267c6c h1:Hei/4ADfdWqJk1ZMxUNpqntNwaWcugrBjAiHlqqRiVk=
gopkg.in/check.v1 v1.0.0-20201130134442-10cb98267c6c/go.mod h1:JHkPIbrfpd72SG/EVd6muEfDQjcINNoR0C8j2r3qZ4Q=
gopkg.in/square/go-jose.v1 v1.0.2 h1:K8g79YTjmCjOzz9rWgHs4ZiQkH8XLJIoQBYJ7IDoHfo=
gopkg.in/square/go-jose.v1 v1.0.2/go.mod h1:QpYS+a4WhS+DTlyQIi6Ka7MS3SuR9a055rgXNEe6EiA=
gopkg.in/src-d/go-billy.v3 v3.1.0 h1:jQUeZbuaZTRIFkumLzrKPbx1HE2oaSr4bwv//3erGN4=
gopkg.in/src-d/go-billy.v3 v3.1.0/go.mod h1:M8qZfUdoeVaxdZyDBaKp3COPKq3Bn3JZH3ycn7wlfBE=
gopkg.in/src-d/go-billy.v4 v4.3.2 h1:0SQA1pRztfTFx2miS8sA97XvooFeNOmvUenF4o0EcVg=
gopkg.in/src-d/go-billy.v4 v4.3.2/go.mod h1:nDjArDMp+XMs1aFAESLRjfGSgfvoYN0hDfzEk0GjC98=
gopkg.in/src-d/go-git.v4 v4.0.0-rc11 h1:VR4NL6AgRtua5RFJ+sLZGdULInRpEod9fPZt1hXu+uw=
gopkg.in/src-d/go-git.v4 v4.0.0-rc11/go.mod h1:CzbUWqMn4pvmvndg3gnh5iZFmSsbhyhUWdI0IQ60AQo=
gopkg.in/warnings.v0 v0.1.1 h1:XM28wIgFzaBmeZ5dNHIpWLQpt/9DGKxk+rCg/22nnYE=
gopkg.in/warnings.v0 v0.1.1/go.mod h1:jksf8JmL6Qr/oQM2OXTHunEvvTAsrWBLb6OOjuVWRNI=
gopkg.in/yaml.v2 v2.4.0 h1:D8xgwECY7CYvx+Y2n4sBz93Jn9JRvxdiyyo8CTfuKaY=
gopkg.in/yaml.v2 v2.4.0/go.mod h1:RDklbk79AGWmwhnvt/jBztapEOGDOx6ZbXqjP6csGnQ=
willnorris.com/go/gifresize v0.0.0-20160428232521-6a222229fa06 h1:8A7BlNj87mqoBRUU2o8bklGSHqoKYTmZJ1CFb5lhqHU=
willnorris.com/go/gifresize v0.0.0-20160428232521-6a222229fa06/go.mod h1:eBM8gogBGCcaH603vxSpnfjwXIpq6nmnj/jauBDKtAk=
willnorris.com/go/imageproxy v0.7.0 h1:KNI88FCuWlUFX8hshdesxSSqsCeMZaw4ZYdj/31kpYM=
willnorris.com/go/imageproxy v0.7.0/go.mod h1:YpBka9OlG9pzS4EEegPoAHXknLjR6XltFgjq2F4oFp8=
